
Microsoft Visual Studio Solution File, Format Version 12.00
# Visual Studio Version 16
VisualStudioVersion = 16.0.30406.217
MinimumVisualStudioVersion = 10.0.40219.1
Project("{FAE04EC0-301F-11D3-BF4B-00C04F79EFBC}") = "CrawlDataFromZingMp3", "CrawlDataFromZingMp3\CrawlDataFromZingMp3.csproj", "{A55885D7-FF8A-4952-A8D7-70F206A45645}"
EndProject
Global
	GlobalSection(SolutionConfigurationPlatforms) = preSolution
		Debug|Any CPU = Debug|Any CPU
		Release|Any CPU = Release|Any CPU
	EndGlobalSection
	GlobalSection(ProjectConfigurationPlatforms) = postSolution
		{A55885D7-FF8A-4952-A8D7-70F206A45645}.Debug|Any CPU.ActiveCfg = Debug|Any CPU
		{A55885D7-FF8A-4952-A8D7-70F206A45645}.Debug|Any CPU.Build.0 = Debug|Any CPU
		{A55885D7-FF8A-4952-A8D7-70F206A45645}.Release|Any CPU.ActiveCfg = Release|Any CPU
		{A55885D7-FF8A-4952-A8D7-70F206A45645}.Release|Any CPU.Build.0 = Release|Any CPU
	EndGlobalSection
	GlobalSection(SolutionProperties) = preSolution
		HideSolutionNode = FALSE
	EndGlobalSection
	GlobalSection(ExtensibilityGlobals) = postSolution
		SolutionGuid = {E3F75CC0-2F1C-4825-BFEB-422FBAED8343}
	EndGlobalSection
EndGlobal
